
Microsoft Visual Studio Solution File, Format Version 10.00
# Visual Studio 2008
Project("{FAE04EC0-301F-11D3-BF4B-00C04F79EFBC}") = "A1", "A1\A1.csproj", "{98626FDC-ED08-4DAF-9493-0578CB85A8D1}"
EndProject
Project("{FAE04EC0-301F-11D3-BF4B-00C04F79EFBC}") = "A2", "A2\A2.csproj", "{84A3B9A6-67DF-435B-8132-D74232DDBE0E}"
EndProject
Global
	GlobalSection(SolutionConfigurationPlatforms) = preSolution
		Debug|Any CPU = Debug|Any CPU
		Release|Any CPU = Release|Any CPU
	EndGlobalSection
	GlobalSection(ProjectConfigurationPlatforms) = postSolution
		{98626FDC-ED08-4DAF-9493-0578CB85A8D1}.Debug|Any CPU.ActiveCfg = Debug|Any CPU
		{98626FDC-ED08-4DAF-9493-0578CB85A8D1}.Debug|Any CPU.Build.0 = Debug|Any CPU
		{98626FDC-ED08-4DAF-9493-0578CB85A8D1}.Release|Any CPU.ActiveCfg = Release|Any CPU
		{98626FDC-ED08-4DAF-9493-0578CB85A8D1}.Release|Any CPU.Build.0 = Release|Any CPU
		{84A3B9A6-67DF-435B-8132-D74232DDBE0E}.Debug|Any CPU.ActiveCfg = Debug|Any CPU
		{84A3B9A6-67DF-435B-8132-D74232DDBE0E}.Debug|Any CPU.Build.0 = Debug|Any CPU
		{84A3B9A6-67DF-435B-8132-D74232DDBE0E}.Release|Any CPU.ActiveCfg = Release|Any CPU
		{84A3B9A6-67DF-435B-8132-D74232DDBE0E}.Release|Any CPU.Build.0 = Release|Any CPU
	EndGlobalSection
	GlobalSection(SolutionProperties) = preSolution
		HideSolutionNode = FALSE
	EndGlobalSection
EndGlobal
